
Microsoft Visual Studio Solution File, Format Version 12.00
# Visual Studio Version 17
VisualStudioVersion = 17.14.36429.23 d17.14
MinimumVisualStudioVersion = 10.0.40219.1
Project("{8BC9CEB8-8B4A-11D0-8D11-00A0C91BC942}") = "404area", "404area\404area.vcxproj", "{80169D8D-421B-4DA2-9B50-3CEEE023A614}"
EndProject
Global
	GlobalSection(SolutionConfigurationPlatforms) = preSolution
		Debug|x64 = Debug|x64
		Debug|x86 = Debug|x86
		Release|x64 = Release|x64
		Release|x86 = Release|x86
	EndGlobalSection
	GlobalSection(ProjectConfigurationPlatforms) = postSolution
		{80169D8D-421B-4DA2-9B50-3CEEE023A614}.Debug|x64.ActiveCfg = Debug|x64
		{80169D8D-421B-4DA2-9B50-3CEEE023A614}.Debug|x64.Build.0 = Debug|x64
		{80169D8D-421B-4DA2-9B50-3CEEE023A614}.Debug|x86.ActiveCfg = Debug|Win32
		{80169D8D-421B-4DA2-9B50-3CEEE023A614}.Debug|x86.Build.0 = Debug|Win32
		{80169D8D-421B-4DA2-9B50-3CEEE023A614}.Release|x64.ActiveCfg = Release|x64
		{80169D8D-421B-4DA2-9B50-3CEEE023A614}.Release|x64.Build.0 = Release|x64
		{80169D8D-421B-4DA2-9B50-3CEEE023A614}.Release|x86.ActiveCfg = Release|Win32
		{80169D8D-421B-4DA2-9B50-3CEEE023A614}.Release|x86.Build.0 = Release|Win32
	EndGlobalSection
	GlobalSection(SolutionProperties) = preSolution
		HideSolutionNode = FALSE
	EndGlobalSection
	GlobalSection(ExtensibilityGlobals) = postSolution
		SolutionGuid = {A4F06A20-75BD-44CD-A457-492E54B7B696}
	EndGlobalSection
EndGlobal
